
Microsoft Visual Studio Solution File, Format Version 12.00
# Visual Studio Version 17
VisualStudioVersion = 17.0.31903.59
MinimumVisualStudioVersion = 10.0.40219.1
Project("{FAE04EC0-301F-11D3-BF4B-00C04F79EFBC}") = "MovieLibrary.Domain", "Backend\MovieLibrary.Domain\MovieLibrary.Domain.csproj", "{10C45647-D1ED-422A-89AF-F4AA5AB0333E}"
EndProject
Project("{FAE04EC0-301F-11D3-BF4B-00C04F79EFBC}") = "MovieLibrary.Application", "Backend\MovieLibrary.Application\MovieLibrary.Application.csproj", "{91163035-EE5F-47BC-AAC6-C7EFFE1E22BA}"
EndProject
Project("{FAE04EC0-301F-11D3-BF4B-00C04F79EFBC}") = "MovieLibrary.Infrastructure", "Backend\MovieLibrary.Infrastructure\MovieLibrary.Infrastructure.csproj", "{AA18F6DE-F8E9-4716-A25F-4E27D2CEBF1A}"
EndProject
Project("{FAE04EC0-301F-11D3-BF4B-00C04F79EFBC}") = "MovieLibrary.Api", "Backend\MovieLibrary.Api\MovieLibrary.Api.csproj", "{47BBD054-E40B-439F-8552-1D86621ACA21}"
EndProject
Project("{FAE04EC0-301F-11D3-BF4B-00C04F79EFBC}") = "MovieLibrary.UI", "Frontend\MovieLibrary.UI\MovieLibrary.UI.csproj", "{3C24A23E-F81E-464C-A68E-B7251BA6A177}"
EndProject
Project("{FAE04EC0-301F-11D3-BF4B-00C04F79EFBC}") = "MovieLibrary.Identity", "Identity\MovieLibrary.Identity\MovieLibrary.Identity.csproj", "{D890D4CE-1F38-43D4-83EF-DD0EF97CB23D}"
EndProject
Project("{2150E333-8FDC-42A3-9474-1A3956D46DE8}") = "Backend", "Backend", "{02EA681E-C7D8-13C7-8484-4AC65E1B71E8}"
EndProject
Project("{2150E333-8FDC-42A3-9474-1A3956D46DE8}") = "Frontend", "Frontend", "{7474E8EA-4879-4BAD-BC3F-FB7A2DC6047B}"
EndProject
Project("{2150E333-8FDC-42A3-9474-1A3956D46DE8}") = "Identity", "Identity", "{A2C6EB9D-24B5-4AD3-821A-52357C947D23}"
EndProject
Global
	GlobalSection(SolutionConfigurationPlatforms) = preSolution
		Debug|Any CPU = Debug|Any CPU
		Debug|x64 = Debug|x64
		Debug|x86 = Debug|x86
		Release|Any CPU = Release|Any CPU
		Release|x64 = Release|x64
		Release|x86 = Release|x86
	EndGlobalSection
	GlobalSection(ProjectConfigurationPlatforms) = postSolution
		{10C45647-D1ED-422A-89AF-F4AA5AB0333E}.Debug|Any CPU.ActiveCfg = Debug|Any CPU
		{10C45647-D1ED-422A-89AF-F4AA5AB0333E}.Debug|Any CPU.Build.0 = Debug|Any CPU
		{10C45647-D1ED-422A-89AF-F4AA5AB0333E}.Debug|x64.ActiveCfg = Debug|Any CPU
		{10C45647-D1ED-422A-89AF-F4AA5AB0333E}.Debug|x64.Build.0 = Debug|Any CPU
		{10C45647-D1ED-422A-89AF-F4AA5AB0333E}.Debug|x86.ActiveCfg = Debug|Any CPU
		{10C45647-D1ED-422A-89AF-F4AA5AB0333E}.Debug|x86.Build.0 = Debug|Any CPU
		{10C45647-D1ED-422A-89AF-F4AA5AB0333E}.Release|Any CPU.ActiveCfg = Release|Any CPU
		{10C45647-D1ED-422A-89AF-F4AA5AB0333E}.Release|Any CPU.Build.0 = Release|Any CPU
		{10C45647-D1ED-422A-89AF-F4AA5AB0333E}.Release|x64.ActiveCfg = Release|Any CPU
		{10C45647-D1ED-422A-89AF-F4AA5AB0333E}.Release|x64.Build.0 = Release|Any CPU
		{10C45647-D1ED-422A-89AF-F4AA5AB0333E}.Release|x86.ActiveCfg = Release|Any CPU
		{10C45647-D1ED-422A-89AF-F4AA5AB0333E}.Release|x86.Build.0 = Release|Any CPU
		{91163035-EE5F-47BC-AAC6-C7EFFE1E22BA}.Debug|Any CPU.ActiveCfg = Debug|Any CPU
		{91163035-EE5F-47BC-AAC6-C7EFFE1E22BA}.Debug|Any CPU.Build.0 = Debug|Any CPU
		{91163035-EE5F-47BC-AAC6-C7EFFE1E22BA}.Debug|x64.ActiveCfg = Debug|Any CPU
		{91163035-EE5F-47BC-AAC6-C7EFFE1E22BA}.Debug|x64.Build.0 = Debug|Any CPU
		{91163035-EE5F-47BC-AAC6-C7EFFE1E22BA}.Debug|x86.ActiveCfg = Debug|Any CPU
		{91163035-EE5F-47BC-AAC6-C7EFFE1E22BA}.Debug|x86.Build.0 = Debug|Any CPU
		{91163035-EE5F-47BC-AAC6-C7EFFE1E22BA}.Release|Any CPU.ActiveCfg = Release|Any CPU
		{91163035-EE5F-47BC-AAC6-C7EFFE1E22BA}.Release|Any CPU.Build.0 = Release|Any CPU
		{91163035-EE5F-47BC-AAC6-C7EFFE1E22BA}.Release|x64.ActiveCfg = Release|Any CPU
		{91163035-EE5F-47BC-AAC6-C7EFFE1E22BA}.Release|x64.Build.0 = Release|Any CPU
		{91163035-EE5F-47BC-AAC6-C7EFFE1E22BA}.Release|x86.ActiveCfg = Release|Any CPU
		{91163035-EE5F-47BC-AAC6-C7EFFE1E22BA}.Release|x86.Build.0 = Release|Any CPU
		{AA18F6DE-F8E9-4716-A25F-4E27D2CEBF1A}.Debug|Any CPU.ActiveCfg = Debug|Any CPU
		{AA18F6DE-F8E9-4716-A25F-4E27D2CEBF1A}.Debug|Any CPU.Build.0 = Debug|Any CPU
		{AA18F6DE-F8E9-4716-A25F-4E27D2CEBF1A}.Debug|x64.ActiveCfg = Debug|Any CPU
		{AA18F6DE-F8E9-4716-A25F-4E27D2CEBF1A}.Debug|x64.Build.0 = Debug|Any CPU
		{AA18F6DE-F8E9-4716-A25F-4E27D2CEBF1A}.Debug|x86.ActiveCfg = Debug|Any CPU
		{AA18F6DE-F8E9-4716-A25F-4E27D2CEBF1A}.Debug|x86.Build.0 = Debug|Any CPU
		{AA18F6DE-F8E9-4716-A25F-4E27D2CEBF1A}.Release|Any CPU.ActiveCfg = Release|Any CPU
		{AA18F6DE-F8E9-4716-A25F-4E27D2CEBF1A}.Release|Any CPU.Build.0 = Release|Any CPU
		{AA18F6DE-F8E9-4716-A25F-4E27D2CEBF1A}.Release|x64.ActiveCfg = Release|Any CPU
		{AA18F6DE-F8E9-4716-A25F-4E27D2CEBF1A}.Release|x64.Build.0 = Release|Any CPU
		{AA18F6DE-F8E9-4716-A25F-4E27D2CEBF1A}.Release|x86.ActiveCfg = Release|Any CPU
		{AA18F6DE-F8E9-4716-A25F-4E27D2CEBF1A}.Release|x86.Build.0 = Release|Any CPU
		{47BBD054-E40B-439F-8552-1D86621ACA21}.Debug|Any CPU.ActiveCfg = Debug|Any CPU
		{47BBD054-E40B-439F-8552-1D86621ACA21}.Debug|Any CPU.Build.0 = Debug|Any CPU
		{47BBD054-E40B-439F-8552-1D86621ACA21}.Debug|x64.ActiveCfg = Debug|Any CPU
		{47BBD054-E40B-439F-8552-1D86621ACA21}.Debug|x64.Build.0 = Debug|Any CPU
		{47BBD054-E40B-439F-8552-1D86621ACA21}.Debug|x86.ActiveCfg = Debug|Any CPU
		{47BBD054-E40B-439F-8552-1D86621ACA21}.Debug|x86.Build.0 = Debug|Any CPU
		{47BBD054-E40B-439F-8552-1D86621ACA21}.Release|Any CPU.ActiveCfg = Release|Any CPU
		{47BBD054-E40B-439F-8552-1D86621ACA21}.Release|Any CPU.Build.0 = Release|Any CPU
		{47BBD054-E40B-439F-8552-1D86621ACA21}.Release|x64.ActiveCfg = Release|Any CPU
		{47BBD054-E40B-439F-8552-1D86621ACA21}.Release|x64.Build.0 = Release|Any CPU
		{47BBD054-E40B-439F-8552-1D86621ACA21}.Release|x86.ActiveCfg = Release|Any CPU
		{47BBD054-E40B-439F-8552-1D86621ACA21}.Release|x86.Build.0 = Release|Any CPU
		{3C24A23E-F81E-464C-A68E-B7251BA6A177}.Debug|Any CPU.ActiveCfg = Debug|Any CPU
		{3C24A23E-F81E-464C-A68E-B7251BA6A177}.Debug|Any CPU.Build.0 = Debug|Any CPU
		{3C24A23E-F81E-464C-A68E-B7251BA6A177}.Debug|x64.ActiveCfg = Debug|Any CPU
		{3C24A23E-F81E-464C-A68E-B7251BA6A177}.Debug|x64.Build.0 = Debug|Any CPU
		{3C24A23E-F81E-464C-A68E-B7251BA6A177}.Debug|x86.ActiveCfg = Debug|Any CPU
		{3C24A23E-F81E-464C-A68E-B7251BA6A177}.Debug|x86.Build.0 = Debug|Any CPU
		{3C24A23E-F81E-464C-A68E-B7251BA6A177}.Release|Any CPU.ActiveCfg = Release|Any CPU
		{3C24A23E-F81E-464C-A68E-B7251BA6A177}.Release|Any CPU.Build.0 = Release|Any CPU
		{3C24A23E-F81E-464C-A68E-B7251BA6A177}.Release|x64.ActiveCfg = Release|Any CPU
		{3C24A23E-F81E-464C-A68E-B7251BA6A177}.Release|x64.Build.0 = Release|Any CPU
		{3C24A23E-F81E-464C-A68E-B7251BA6A177}.Release|x86.ActiveCfg = Release|Any CPU
		{3C24A23E-F81E-464C-A68E-B7251BA6A177}.Release|x86.Build.0 = Release|Any CPU
		{D890D4CE-1F38-43D4-83EF-DD0EF97CB23D}.Debug|Any CPU.ActiveCfg = Debug|Any CPU
		{D890D4CE-1F38-43D4-83EF-DD0EF97CB23D}.Debug|Any CPU.Build.0 = Debug|Any CPU
		{D890D4CE-1F38-43D4-83EF-DD0EF97CB23D}.Debug|x64.ActiveCfg = Debug|Any CPU
		{D890D4CE-1F38-43D4-83EF-DD0EF97CB23D}.Debug|x64.Build.0 = Debug|Any CPU
		{D890D4CE-1F38-43D4-83EF-DD0EF97CB23D}.Debug|x86.ActiveCfg = Debug|Any CPU
		{D890D4CE-1F38-43D4-83EF-DD0EF97CB23D}.Debug|x86.Build.0 = Debug|Any CPU
		{D890D4CE-1F38-43D4-83EF-DD0EF97CB23D}.Release|Any CPU.ActiveCfg = Release|Any CPU
		{D890D4CE-1F38-43D4-83EF-DD0EF97CB23D}.Release|Any CPU.Build.0 = Release|Any CPU
		{D890D4CE-1F38-43D4-83EF-DD0EF97CB23D}.Release|x64.ActiveCfg = Release|Any CPU
		{D890D4CE-1F38-43D4-83EF-DD0EF97CB23D}.Release|x64.Build.0 = Release|Any CPU
		{D890D4CE-1F38-43D4-83EF-DD0EF97CB23D}.Release|x86.ActiveCfg = Release|Any CPU
		{D890D4CE-1F38-43D4-83EF-DD0EF97CB23D}.Release|x86.Build.0 = Release|Any CPU
	EndGlobalSection
	GlobalSection(SolutionProperties) = preSolution
		HideSolutionNode = FALSE
	EndGlobalSection
	GlobalSection(NestedProjects) = preSolution
		{10C45647-D1ED-422A-89AF-F4AA5AB0333E} = {02EA681E-C7D8-13C7-8484-4AC65E1B71E8}
		{91163035-EE5F-47BC-AAC6-C7EFFE1E22BA} = {02EA681E-C7D8-13C7-8484-4AC65E1B71E8}
		{AA18F6DE-F8E9-4716-A25F-4E27D2CEBF1A} = {02EA681E-C7D8-13C7-8484-4AC65E1B71E8}
		{47BBD054-E40B-439F-8552-1D86621ACA21} = {02EA681E-C7D8-13C7-8484-4AC65E1B71E8}
		{3C24A23E-F81E-464C-A68E-B7251BA6A177} = {7474E8EA-4879-4BAD-BC3F-FB7A2DC6047B}
		{D890D4CE-1F38-43D4-83EF-DD0EF97CB23D} = {A2C6EB9D-24B5-4AD3-821A-52357C947D23}
	EndGlobalSection
EndGlobal
